
Microsoft Visual Studio Solution File, Format Version 12.00
# Visual Studio Version 17
VisualStudioVersion = 17.3.32819.101
MinimumVisualStudioVersion = 10.0.40219.1
Project("{FAE04EC0-301F-11D3-BF4B-00C04F79EFBC}") = "WinFormsApp2", "WinFormsApp2\WinFormsApp2.csproj", "{ABFA033C-130A-4348-8C8A-4512A155AA6C}"
EndProject
Global
	GlobalSection(SolutionConfigurationPlatforms) = preSolution
		Debug|Any CPU = Debug|Any CPU
		Release|Any CPU = Release|Any CPU
	EndGlobalSection
	GlobalSection(ProjectConfigurationPlatforms) = postSolution
		{ABFA033C-130A-4348-8C8A-4512A155AA6C}.Debug|Any CPU.ActiveCfg = Debug|Any CPU
		{ABFA033C-130A-4348-8C8A-4512A155AA6C}.Debug|Any CPU.Build.0 = Debug|Any CPU
		{ABFA033C-130A-4348-8C8A-4512A155AA6C}.Release|Any CPU.ActiveCfg = Release|Any CPU
		{ABFA033C-130A-4348-8C8A-4512A155AA6C}.Release|Any CPU.Build.0 = Release|Any CPU
	EndGlobalSection
	GlobalSection(SolutionProperties) = preSolution
		HideSolutionNode = FALSE
	EndGlobalSection
	GlobalSection(ExtensibilityGlobals) = postSolution
		SolutionGuid = {F16C7B60-F856-442C-82C6-D0C130A73735}
	EndGlobalSection
EndGlobal
